
Microsoft Visual Studio Solution File, Format Version 12.00
# Visual Studio 2017
Project("{FAE04EC0-301F-11D3-BF4B-00C04F79EFBC}") = "CowboyFight-", "CowboyFight-.csproj", "{0B24E679-2A58-F590-2927-8F15797875F0}"
EndProject
Project("{FAE04EC0-301F-11D3-BF4B-00C04F79EFBC}") = "CowboyFight-.Plugins", "CowboyFight-.Plugins.csproj", "{7D165BF5-C507-BE58-07D5-A23CFF96D300}"
EndProject
Project("{FAE04EC0-301F-11D3-BF4B-00C04F79EFBC}") = "CowboyFight-.Editor", "CowboyFight-.Editor.csproj", "{7376FD1E-3634-A183-17EC-26FEFA299335}"
EndProject
Project("{FAE04EC0-301F-11D3-BF4B-00C04F79EFBC}") = "CowboyFight-.Editor.Plugins", "CowboyFight-.Editor.Plugins.csproj", "{C1861099-48D7-06C1-7FD1-97713EF5A838}"
EndProject
Global
	GlobalSection(SolutionConfigurationPlatforms) = preSolution
		Debug|Any CPU = Debug|Any CPU
		Release|Any CPU = Release|Any CPU
	EndGlobalSection
	GlobalSection(ProjectConfigurationPlatforms) = postSolution
		{0B24E679-2A58-F590-2927-8F15797875F0}.Debug|Any CPU.ActiveCfg = Debug|Any CPU
		{0B24E679-2A58-F590-2927-8F15797875F0}.Debug|Any CPU.Build.0 = Debug|Any CPU
		{0B24E679-2A58-F590-2927-8F15797875F0}.Release|Any CPU.ActiveCfg = Release|Any CPU
		{0B24E679-2A58-F590-2927-8F15797875F0}.Release|Any CPU.Build.0 = Release|Any CPU
		{7D165BF5-C507-BE58-07D5-A23CFF96D300}.Debug|Any CPU.ActiveCfg = Debug|Any CPU
		{7D165BF5-C507-BE58-07D5-A23CFF96D300}.Debug|Any CPU.Build.0 = Debug|Any CPU
		{7D165BF5-C507-BE58-07D5-A23CFF96D300}.Release|Any CPU.ActiveCfg = Release|Any CPU
		{7D165BF5-C507-BE58-07D5-A23CFF96D300}.Release|Any CPU.Build.0 = Release|Any CPU
		{7376FD1E-3634-A183-17EC-26FEFA299335}.Debug|Any CPU.ActiveCfg = Debug|Any CPU
		{7376FD1E-3634-A183-17EC-26FEFA299335}.Debug|Any CPU.Build.0 = Debug|Any CPU
		{7376FD1E-3634-A183-17EC-26FEFA299335}.Release|Any CPU.ActiveCfg = Release|Any CPU
		{7376FD1E-3634-A183-17EC-26FEFA299335}.Release|Any CPU.Build.0 = Release|Any CPU
		{C1861099-48D7-06C1-7FD1-97713EF5A838}.Debug|Any CPU.ActiveCfg = Debug|Any CPU
		{C1861099-48D7-06C1-7FD1-97713EF5A838}.Debug|Any CPU.Build.0 = Debug|Any CPU
		{C1861099-48D7-06C1-7FD1-97713EF5A838}.Release|Any CPU.ActiveCfg = Release|Any CPU
		{C1861099-48D7-06C1-7FD1-97713EF5A838}.Release|Any CPU.Build.0 = Release|Any CPU
	EndGlobalSection
	GlobalSection(SolutionProperties) = preSolution
		HideSolutionNode = FALSE
	EndGlobalSection
EndGlobal
