
Microsoft Visual Studio Solution File, Format Version 12.00
# Visual Studio 2015
Project("{FAE04EC0-301F-11D3-BF4B-00C04F79EFBC}") = "CowboyFightVR", "CowboyFightVR.csproj", "{A71E70AB-1E14-2D91-2CBA-3402E73D6085}"
EndProject
Project("{FAE04EC0-301F-11D3-BF4B-00C04F79EFBC}") = "CowboyFightVR.Plugins", "CowboyFightVR.Plugins.csproj", "{B139996E-8893-3ADB-058F-B986630990FF}"
EndProject
Project("{FAE04EC0-301F-11D3-BF4B-00C04F79EFBC}") = "CowboyFightVR.Editor", "CowboyFightVR.Editor.csproj", "{0295714E-8BB8-1756-EDAE-A38285EECE4C}"
EndProject
Project("{FAE04EC0-301F-11D3-BF4B-00C04F79EFBC}") = "CowboyFightVR.Editor.Plugins", "CowboyFightVR.Editor.Plugins.csproj", "{8058B17F-AA0F-6613-A34B-BD4165C71A71}"
EndProject
Global
	GlobalSection(SolutionConfigurationPlatforms) = preSolution
		Debug|Any CPU = Debug|Any CPU
		Release|Any CPU = Release|Any CPU
	EndGlobalSection
	GlobalSection(ProjectConfigurationPlatforms) = postSolution
		{A71E70AB-1E14-2D91-2CBA-3402E73D6085}.Debug|Any CPU.ActiveCfg = Debug|Any CPU
		{A71E70AB-1E14-2D91-2CBA-3402E73D6085}.Debug|Any CPU.Build.0 = Debug|Any CPU
		{A71E70AB-1E14-2D91-2CBA-3402E73D6085}.Release|Any CPU.ActiveCfg = Release|Any CPU
		{A71E70AB-1E14-2D91-2CBA-3402E73D6085}.Release|Any CPU.Build.0 = Release|Any CPU
		{B139996E-8893-3ADB-058F-B986630990FF}.Debug|Any CPU.ActiveCfg = Debug|Any CPU
		{B139996E-8893-3ADB-058F-B986630990FF}.Debug|Any CPU.Build.0 = Debug|Any CPU
		{B139996E-8893-3ADB-058F-B986630990FF}.Release|Any CPU.ActiveCfg = Release|Any CPU
		{B139996E-8893-3ADB-058F-B986630990FF}.Release|Any CPU.Build.0 = Release|Any CPU
		{0295714E-8BB8-1756-EDAE-A38285EECE4C}.Debug|Any CPU.ActiveCfg = Debug|Any CPU
		{0295714E-8BB8-1756-EDAE-A38285EECE4C}.Debug|Any CPU.Build.0 = Debug|Any CPU
		{0295714E-8BB8-1756-EDAE-A38285EECE4C}.Release|Any CPU.ActiveCfg = Release|Any CPU
		{0295714E-8BB8-1756-EDAE-A38285EECE4C}.Release|Any CPU.Build.0 = Release|Any CPU
		{8058B17F-AA0F-6613-A34B-BD4165C71A71}.Debug|Any CPU.ActiveCfg = Debug|Any CPU
		{8058B17F-AA0F-6613-A34B-BD4165C71A71}.Debug|Any CPU.Build.0 = Debug|Any CPU
		{8058B17F-AA0F-6613-A34B-BD4165C71A71}.Release|Any CPU.ActiveCfg = Release|Any CPU
		{8058B17F-AA0F-6613-A34B-BD4165C71A71}.Release|Any CPU.Build.0 = Release|Any CPU
	EndGlobalSection
	GlobalSection(SolutionProperties) = preSolution
		HideSolutionNode = FALSE
	EndGlobalSection
EndGlobal
